{
  "name": "userbase-js-node",
  "version": "0.0.0",
  "lockfileVersion": 1,
  "requires": true,
  "dependencies": {
    "@babel/runtime": {
      "version": "7.12.5",
      "resolved": "https://registry.npmjs.org/@babel/runtime/-/runtime-7.12.5.tgz",
      "integrity": "sha512-plcc+hbExy3McchJCEQG3knOsuh3HH+Prx1P6cLIkET/0dLuQDEnrT+s27Axgc9bqfsmNUNHfscgMUdBpC9xfg==",
      "requires": {
        "regenerator-runtime": "^0.13.4"
      }
    },
    "@peculiar/asn1-schema": {
      "version": "2.0.27",
      "resolved": "https://registry.npmjs.org/@peculiar/asn1-schema/-/asn1-schema-2.0.27.tgz",
      "integrity": "sha512-1tIx7iL3Ma3HtnNS93nB7nhyI0soUJypElj9owd4tpMrRDmeJ8eZubsdq1sb0KSaCs5RqZNoABCP6m5WtnlVhQ==",
      "requires": {
        "@types/asn1js": "^2.0.0",
        "asn1js": "^2.0.26",
        "pvtsutils": "^1.1.1",
        "tslib": "^2.0.3"
      }
    },
    "@peculiar/json-schema": {
      "version": "1.1.12",
      "resolved": "https://registry.npmjs.org/@peculiar/json-schema/-/json-schema-1.1.12.tgz",
      "integrity": "sha512-coUfuoMeIB7B8/NMekxaDzLhaYmp0HZNPEjYRm9goRou8UZIC3z21s0sL9AWoCw4EG876QyO3kYrc61WNF9B/w==",
      "requires": {
        "tslib": "^2.0.0"
      }
    },
    "@peculiar/webcrypto": {
      "version": "1.1.4",
      "resolved": "https://registry.npmjs.org/@peculiar/webcrypto/-/webcrypto-1.1.4.tgz",
      "integrity": "sha512-gEVxfbseFDV0Za3AmjTrRB+wigEMOejHDzoo571e8/YWD33Ejmk0XPF3+G+VaN8+5C5IWZx4CPvxQZ7mF2dvNA==",
      "requires": {
        "@peculiar/asn1-schema": "^2.0.26",
        "@peculiar/json-schema": "^1.1.12",
        "pvtsutils": "^1.1.1",
        "tslib": "^2.0.3",
        "webcrypto-core": "^1.1.8"
      }
    },
    "@types/asn1js": {
      "version": "2.0.0",
      "resolved": "https://registry.npmjs.org/@types/asn1js/-/asn1js-2.0.0.tgz",
      "integrity": "sha512-Jjzp5EqU0hNpADctc/UqhiFbY1y2MqIxBVa2S4dBlbnZHTLPMuggoL5q43X63LpsOIINRDirBjP56DUUKIUWIA=="
    },
    "asn1js": {
      "version": "2.0.26",
      "resolved": "https://registry.npmjs.org/asn1js/-/asn1js-2.0.26.tgz",
      "integrity": "sha512-yG89F0j9B4B0MKIcFyWWxnpZPLaNTjCj4tkE3fjbAoo0qmpGw0PYYqSbX/4ebnd9Icn8ZgK4K1fvDyEtW1JYtQ==",
      "requires": {
        "pvutils": "^1.0.17"
      }
    },
    "atob": {
      "version": "2.1.2",
      "resolved": "https://registry.npmjs.org/atob/-/atob-2.1.2.tgz",
      "integrity": "sha512-Wm6ukoaOGJi/73p/cl2GvLjTI5JM1k/O14isD73YML8StrH/7/lRFgmg8nICZgD3bZZvjwCGxtMOD3wWNAu8cg=="
    },
    "base64-arraybuffer": {
      "version": "0.2.0",
      "resolved": "https://registry.npmjs.org/base64-arraybuffer/-/base64-arraybuffer-0.2.0.tgz",
      "integrity": "sha512-7emyCsu1/xiBXgQZrscw/8KPRT44I4Yq9Pe6EGs3aPRTsWuggML1/1DTuZUuIaJPIm1FTDUVXl4x/yW8s0kQDQ=="
    },
    "blob-polyfill": {
      "version": "4.0.20200601",
      "resolved": "https://registry.npmjs.org/blob-polyfill/-/blob-polyfill-4.0.20200601.tgz",
      "integrity": "sha512-1jB6WOIp6IDxNyng5+9A8g/f0uiphib2ELCN+XAnlssinsW8s1k4VYG9b1TxIUd3pdm9RJSLQuBh6iohYmD4hA=="
    },
    "bn.js": {
      "version": "4.11.9",
      "resolved": "https://registry.npmjs.org/bn.js/-/bn.js-4.11.9.tgz",
      "integrity": "sha512-E6QoYqCKZfgatHTdHzs1RRKP7ip4vvm+EyRUeE2RF0NblwVvb0p6jSVeNTOFxPn26QXN2o6SMfNxKp6kU8zQaw=="
    },
    "brorand": {
      "version": "1.1.0",
      "resolved": "https://registry.npmjs.org/brorand/-/brorand-1.1.0.tgz",
      "integrity": "sha1-EsJe/kCkXjwyPrhnWgoM5XsiNx8="
    },
    "btoa": {
      "version": "1.2.1",
      "resolved": "https://registry.npmjs.org/btoa/-/btoa-1.2.1.tgz",
      "integrity": "sha512-SB4/MIGlsiVkMcHmT+pSmIPoNDoHg+7cMzmt3Uxt628MTz2487DKSqK/fuhFBrkuqrYv5UCEnACpF4dTFNKc/g=="
    },
    "diffie-hellman": {
      "version": "5.0.3",
      "resolved": "https://registry.npmjs.org/diffie-hellman/-/diffie-hellman-5.0.3.tgz",
      "integrity": "sha512-kqag/Nl+f3GwyK25fhUMYj81BUOrZ9IuJsjIcDE5icNM9FJHAVm3VcUDxdLPoQtTuUylWm6ZIknYJwwaPxsUzg==",
      "requires": {
        "bn.js": "^4.1.0",
        "miller-rabin": "^4.0.0",
        "randombytes": "^2.0.0"
      }
    },
    "domexception": {
      "version": "2.0.1",
      "resolved": "https://registry.npmjs.org/domexception/-/domexception-2.0.1.tgz",
      "integrity": "sha512-yxJ2mFy/sibVQlu5qHjOkf9J3K6zgmCxgJ94u2EdvDOV09H+32LtRswEcUsmUWN72pVLOEnTSRaIVVzVQgS0dg==",
      "requires": {
        "webidl-conversions": "^5.0.0"
      }
    },
    "graceful-fs": {
      "version": "4.2.4",
      "resolved": "https://registry.npmjs.org/graceful-fs/-/graceful-fs-4.2.4.tgz",
      "integrity": "sha512-WjKPNJF79dtJAVniUlGGWHYGz2jWxT6VhN/4m1NdkbZ2nOsEF+cI1Edgql5zCRhs/VsQYRvrXctxktVXZUkixw=="
    },
    "imurmurhash": {
      "version": "0.1.4",
      "resolved": "https://registry.npmjs.org/imurmurhash/-/imurmurhash-0.1.4.tgz",
      "integrity": "sha1-khi5srkoojixPcT7a21XbyMUU+o="
    },
    "isomorphic-ws": {
      "version": "4.0.1",
      "resolved": "https://registry.npmjs.org/isomorphic-ws/-/isomorphic-ws-4.0.1.tgz",
      "integrity": "sha512-BhBvN2MBpWTaSHdWRb/bwdZJ1WaehQ2L1KngkCkfLUGF0mAWAT1sQUQacEmQ0jXkFw/czDXPNQSL5u2/Krsz1w=="
    },
    "miller-rabin": {
      "version": "4.0.1",
      "resolved": "https://registry.npmjs.org/miller-rabin/-/miller-rabin-4.0.1.tgz",
      "integrity": "sha512-115fLhvZVqWwHPbClyntxEVfVDfl9DLLTuJvq3g2O/Oxi8AiNouAHvDSzHS0viUJc+V5vm3eq91Xwqn9dp4jRA==",
      "requires": {
        "bn.js": "^4.0.0",
        "brorand": "^1.0.1"
      }
    },
    "node-localstorage": {
      "version": "2.1.6",
      "resolved": "https://registry.npmjs.org/node-localstorage/-/node-localstorage-2.1.6.tgz",
      "integrity": "sha512-yE7AycE5G2hU55d+F7Ona9nx97C+enJzWWx6jrsji7fuPZFJOvuW3X/LKKAcXRBcEIJPDOKt8ZiFWFmShR/irg==",
      "requires": {
        "write-file-atomic": "^1.1.4"
      }
    },
    "pvtsutils": {
      "version": "1.1.1",
      "resolved": "https://registry.npmjs.org/pvtsutils/-/pvtsutils-1.1.1.tgz",
      "integrity": "sha512-Evbhe6L4Sxwu4SPLQ4LQZhgfWDQO3qa1lju9jM5cxsQp8vE10VipcSmo7hiJW48TmiHgVLgDtC2TL6/+ND+IVg==",
      "requires": {
        "tslib": "^2.0.3"
      }
    },
    "pvutils": {
      "version": "1.0.17",
      "resolved": "https://registry.npmjs.org/pvutils/-/pvutils-1.0.17.tgz",
      "integrity": "sha512-wLHYUQxWaXVQvKnwIDWFVKDJku9XDCvyhhxoq8dc5MFdIlRenyPI9eSfEtcvgHgD7FlvCyGAlWgOzRnZD99GZQ=="
    },
    "randombytes": {
      "version": "2.1.0",
      "resolved": "https://registry.npmjs.org/randombytes/-/randombytes-2.1.0.tgz",
      "integrity": "sha512-vYl3iOX+4CKUWuxGi9Ukhie6fsqXqS9FE2Zaic4tNFD2N2QQaXOMFbuKK4QmDHC0JO6B1Zp41J0LpT0oR68amQ==",
      "requires": {
        "safe-buffer": "^5.1.0"
      }
    },
    "regenerator-runtime": {
      "version": "0.13.7",
      "resolved": "https://registry.npmjs.org/regenerator-runtime/-/regenerator-runtime-0.13.7.tgz",
      "integrity": "sha512-a54FxoJDIr27pgf7IgeQGxmqUNYrcV338lf/6gH456HZ/PhX+5BcwHXG9ajESmwe6WRO0tAzRUrRmNONWgkrew=="
    },
    "safe-buffer": {
      "version": "5.2.1",
      "resolved": "https://registry.npmjs.org/safe-buffer/-/safe-buffer-5.2.1.tgz",
      "integrity": "sha512-rp3So07KcdmmKbGvgaNxQSJr7bGVSVk5S9Eq1F+ppbRo70+YeaDxkw5Dd8NPN+GD6bjnYm2VuPuCXmpuYvmCXQ=="
    },
    "scrypt-js": {
      "version": "3.0.1",
      "resolved": "https://registry.npmjs.org/scrypt-js/-/scrypt-js-3.0.1.tgz",
      "integrity": "sha512-cdwTTnqPu0Hyvf5in5asVdZocVDTNRmR7XEcJuIzMjJeSHybHl7vpB66AzwTaIg6CLSbtjcxc8fqcySfnTkccA=="
    },
    "slide": {
      "version": "1.1.6",
      "resolved": "https://registry.npmjs.org/slide/-/slide-1.1.6.tgz",
      "integrity": "sha1-VusCfWW00tzmyy4tMsTUr8nh1wc="
    },
    "sorted-array": {
      "version": "2.0.4",
      "resolved": "https://registry.npmjs.org/sorted-array/-/sorted-array-2.0.4.tgz",
      "integrity": "sha512-58INzrX0rL6ttCfsGoFmOuQY5AjR6A5E/MmGKJ5JvWHOey6gOEOC6vO8K6C0Y2bQR6KJ8o8aFwHjp/mJ/HcYsQ=="
    },
    "tslib": {
      "version": "2.1.0",
      "resolved": "https://registry.npmjs.org/tslib/-/tslib-2.1.0.tgz",
      "integrity": "sha512-hcVC3wYEziELGGmEEXue7D75zbwIIVUMWAVbHItGPx0ziyXxrOMQx4rQEVEV45Ut/1IotuEvwqPopzIOkDMf0A=="
    },
    "userbase-js": {
      "version": "2.7.3",
      "resolved": "https://registry.npmjs.org/userbase-js/-/userbase-js-2.7.3.tgz",
      "integrity": "sha512-1q4Q/D7iHwojtEDapDicf3JrIbn4yx+sZR1t5+vztxvMgTOTQxu0YxZpdxE67OQK0ViZNYyGxN5Se03Hg6fO7Q==",
      "requires": {
        "@babel/runtime": "^7.9.2",
        "base64-arraybuffer": "^0.2.0",
        "diffie-hellman": "^5.0.3",
        "scrypt-js": "^3.0.0",
        "sorted-array": "^2.0.4",
        "uuid": "^3.4.0"
      }
    },
    "uuid": {
      "version": "3.4.0",
      "resolved": "https://registry.npmjs.org/uuid/-/uuid-3.4.0.tgz",
      "integrity": "sha512-HjSDRw6gZE5JMggctHBcjVak08+KEVhSIiDzFnT9S9aegmp85S/bReBVTb4QTFaRNptJ9kuYaNhnbNEOkbKb/A=="
    },
    "web-blob": {
      "version": "2.1.3",
      "resolved": "https://registry.npmjs.org/web-blob/-/web-blob-2.1.3.tgz",
      "integrity": "sha512-7ARypAQxyyqT7ZCHydKavBGCzvvhicGuUMFqg6Xua6H0HIqGgEH1VsMVr1P1Nx+D/maqrUNyOzHkTjBQH/bZOQ==",
      "requires": {
        "web-streams-polyfill": "2.1.1"
      }
    },
    "web-file-polyfill": {
      "version": "1.0.1",
      "resolved": "https://registry.npmjs.org/web-file-polyfill/-/web-file-polyfill-1.0.1.tgz",
      "integrity": "sha512-Avo1SzN2bpF9w1bmw0Rz455VKjjMgkA32GnDTCvMTNyKs3/7xq3J+yhR1820rqbkIU3LZfx7mU4PTnZXOqQ6uA==",
      "requires": {
        "web-blob": "2.1.3"
      }
    },
    "web-streams-polyfill": {
      "version": "2.1.1",
      "resolved": "https://registry.npmjs.org/web-streams-polyfill/-/web-streams-polyfill-2.1.1.tgz",
      "integrity": "sha512-dlNpL2aab3g8CKfGz6rl8FNmGaRWLLn2g/DtSc9IjB30mEdE6XxzPfPSig5BwGSzI+oLxHyETrQGKjrVVhbLCg=="
    },
    "web-worker": {
      "version": "1.0.0",
      "resolved": "https://registry.npmjs.org/web-worker/-/web-worker-1.0.0.tgz",
      "integrity": "sha512-BzuMqeKVkKKwHV6tJuwePFcxYMxvC97D448mXTgh/CxXAB4sRtoV26gRPN+JDxsXRR7QZyioMV9O6NzQaASf7Q=="
    },
    "webcrypto-core": {
      "version": "1.1.8",
      "resolved": "https://registry.npmjs.org/webcrypto-core/-/webcrypto-core-1.1.8.tgz",
      "integrity": "sha512-hKnFXsqh0VloojNeTfrwFoRM4MnaWzH6vtXcaFcGjPEu+8HmBdQZnps3/2ikOFqS8bJN1RYr6mI2P/FJzyZnXg==",
      "requires": {
        "@peculiar/asn1-schema": "^2.0.12",
        "@peculiar/json-schema": "^1.1.12",
        "asn1js": "^2.0.26",
        "pvtsutils": "^1.0.11",
        "tslib": "^2.0.1"
      }
    },
    "webidl-conversions": {
      "version": "5.0.0",
      "resolved": "https://registry.npmjs.org/webidl-conversions/-/webidl-conversions-5.0.0.tgz",
      "integrity": "sha512-VlZwKPCkYKxQgeSbH5EyngOmRp7Ww7I9rQLERETtf5ofd9pGeswWiOtogpEO850jziPRarreGxn5QIiTqpb2wA=="
    },
    "write-file-atomic": {
      "version": "1.3.4",
      "resolved": "https://registry.npmjs.org/write-file-atomic/-/write-file-atomic-1.3.4.tgz",
      "integrity": "sha1-+Aek8LHZ6ROuekgRLmzDrxmRtF8=",
      "requires": {
        "graceful-fs": "^4.1.11",
        "imurmurhash": "^0.1.4",
        "slide": "^1.1.5"
      }
    },
    "ws": {
      "version": "7.4.2",
      "resolved": "https://registry.npmjs.org/ws/-/ws-7.4.2.tgz",
      "integrity": "sha512-T4tewALS3+qsrpGI/8dqNMLIVdq/g/85U98HPMa6F0m6xTbvhXU6RCQLqPH3+SlomNV/LdY6RXEbBpMH6EOJnA=="
    },
    "xhr2": {
      "version": "0.2.0",
      "resolved": "https://registry.npmjs.org/xhr2/-/xhr2-0.2.0.tgz",
      "integrity": "sha512-BDtiD0i2iKPK/S8OAZfpk6tyzEDnKKSjxWHcMBVmh+LuqJ8A32qXTyOx+TVOg2dKvq6zGBq2sgKPkEeRs1qTRA=="
    }
  }
}
